
Microsoft Visual Studio Solution File, Format Version 12.00
# Visual Studio Version 16
VisualStudioVersion = 16.0.31613.86
MinimumVisualStudioVersion = 10.0.40219.1
Project("{9A19103F-16F7-4668-BE54-9A1E7A4F7556}") = "Reservations-system", "Reservations-system\Reservations-system.csproj", "{0D7DEDED-19F2-4656-AD0A-F16E0EC88356}"
EndProject
Project("{9A19103F-16F7-4668-BE54-9A1E7A4F7556}") = "Test_ReservationsSystem", "Test_ReservationsSystem\Test_ReservationsSystem.csproj", "{CF1A14E9-A59C-4052-BC6A-2F676A61CD40}"
	ProjectSection(ProjectDependencies) = postProject
		{0D7DEDED-19F2-4656-AD0A-F16E0EC88356} = {0D7DEDED-19F2-4656-AD0A-F16E0EC88356}
	EndProjectSection
EndProject
Project("{00D1A9C2-B5F0-4AF3-8072-F6C62B433612}") = "ReservationDatabase", "ReservationDatabase\ReservationDatabase.sqlproj", "{C2F1FE79-3E6F-4E85-B586-EEFDF42848E8}"
EndProject
Project("{9A19103F-16F7-4668-BE54-9A1E7A4F7556}") = "DataAccess", "DataAccess\DataAccess.csproj", "{099CF09C-9797-40A3-ABC9-755B9A5713EC}"
EndProject
Project("{9A19103F-16F7-4668-BE54-9A1E7A4F7556}") = "DataAccessTest", "DataAccessTest\DataAccessTest.csproj", "{116FDABF-AEAE-42BD-B6B6-73D948AAFD09}"
	ProjectSection(ProjectDependencies) = postProject
		{099CF09C-9797-40A3-ABC9-755B9A5713EC} = {099CF09C-9797-40A3-ABC9-755B9A5713EC}
	EndProjectSection
EndProject
Global
	GlobalSection(SolutionConfigurationPlatforms) = preSolution
		Debug|Any CPU = Debug|Any CPU
		Release|Any CPU = Release|Any CPU
	EndGlobalSection
	GlobalSection(ProjectConfigurationPlatforms) = postSolution
		{0D7DEDED-19F2-4656-AD0A-F16E0EC88356}.Debug|Any CPU.ActiveCfg = Debug|Any CPU
		{0D7DEDED-19F2-4656-AD0A-F16E0EC88356}.Debug|Any CPU.Build.0 = Debug|Any CPU
		{0D7DEDED-19F2-4656-AD0A-F16E0EC88356}.Release|Any CPU.ActiveCfg = Release|Any CPU
		{0D7DEDED-19F2-4656-AD0A-F16E0EC88356}.Release|Any CPU.Build.0 = Release|Any CPU
		{CF1A14E9-A59C-4052-BC6A-2F676A61CD40}.Debug|Any CPU.ActiveCfg = Debug|Any CPU
		{CF1A14E9-A59C-4052-BC6A-2F676A61CD40}.Debug|Any CPU.Build.0 = Debug|Any CPU
		{CF1A14E9-A59C-4052-BC6A-2F676A61CD40}.Release|Any CPU.ActiveCfg = Release|Any CPU
		{CF1A14E9-A59C-4052-BC6A-2F676A61CD40}.Release|Any CPU.Build.0 = Release|Any CPU
		{C2F1FE79-3E6F-4E85-B586-EEFDF42848E8}.Debug|Any CPU.ActiveCfg = Debug|Any CPU
		{C2F1FE79-3E6F-4E85-B586-EEFDF42848E8}.Debug|Any CPU.Build.0 = Debug|Any CPU
		{C2F1FE79-3E6F-4E85-B586-EEFDF42848E8}.Debug|Any CPU.Deploy.0 = Debug|Any CPU
		{C2F1FE79-3E6F-4E85-B586-EEFDF42848E8}.Release|Any CPU.ActiveCfg = Release|Any CPU
		{C2F1FE79-3E6F-4E85-B586-EEFDF42848E8}.Release|Any CPU.Build.0 = Release|Any CPU
		{C2F1FE79-3E6F-4E85-B586-EEFDF42848E8}.Release|Any CPU.Deploy.0 = Release|Any CPU
		{099CF09C-9797-40A3-ABC9-755B9A5713EC}.Debug|Any CPU.ActiveCfg = Debug|Any CPU
		{099CF09C-9797-40A3-ABC9-755B9A5713EC}.Debug|Any CPU.Build.0 = Debug|Any CPU
		{099CF09C-9797-40A3-ABC9-755B9A5713EC}.Release|Any CPU.ActiveCfg = Release|Any CPU
		{099CF09C-9797-40A3-ABC9-755B9A5713EC}.Release|Any CPU.Build.0 = Release|Any CPU
		{116FDABF-AEAE-42BD-B6B6-73D948AAFD09}.Debug|Any CPU.ActiveCfg = Debug|Any CPU
		{116FDABF-AEAE-42BD-B6B6-73D948AAFD09}.Debug|Any CPU.Build.0 = Debug|Any CPU
		{116FDABF-AEAE-42BD-B6B6-73D948AAFD09}.Release|Any CPU.ActiveCfg = Release|Any CPU
		{116FDABF-AEAE-42BD-B6B6-73D948AAFD09}.Release|Any CPU.Build.0 = Release|Any CPU
	EndGlobalSection
	GlobalSection(SolutionProperties) = preSolution
		HideSolutionNode = FALSE
	EndGlobalSection
	GlobalSection(ExtensibilityGlobals) = postSolution
		SolutionGuid = {A089158D-3489-414F-805D-01F7B3F9A043}
	EndGlobalSection
EndGlobal
